
Microsoft Visual Studio Solution File, Format Version 12.00
# Visual Studio Version 16
VisualStudioVersion = 16.0.31019.35
MinimumVisualStudioVersion = 10.0.40219.1
Project("{2150E333-8FDC-42A3-9474-1A3956D46DE8}") = "Solution Items", "Solution Items", "{9BAF741C-82EA-4E4F-B936-8EB3BF55C970}"
EndProject
Project("{F184B08F-C81C-45F6-A57F-5ABD9991F28F}") = "Sistema", "Patient\Patient\Sistema.vbproj", "{1F21B67D-0BCF-447A-9C53-E15B43ADC148}"
EndProject
Project("{F184B08F-C81C-45F6-A57F-5ABD9991F28F}") = "DAL", "DALPatient\DAL.vbproj", "{890D7A87-ED32-4004-8FF6-4D68B70D5335}"
EndProject
Project("{F184B08F-C81C-45F6-A57F-5ABD9991F28F}") = "BCL", "BCLPatient\BCL.vbproj", "{FCE2DF98-E915-4B4D-9CF3-5B3354DCCF97}"
EndProject
Global
	GlobalSection(SolutionConfigurationPlatforms) = preSolution
		CD_ROM|Any CPU = CD_ROM|Any CPU
		Debug|Any CPU = Debug|Any CPU
		DVD-5|Any CPU = DVD-5|Any CPU
		Release|Any CPU = Release|Any CPU
		SingleImage|Any CPU = SingleImage|Any CPU
	EndGlobalSection
	GlobalSection(ProjectConfigurationPlatforms) = postSolution
		{1F21B67D-0BCF-447A-9C53-E15B43ADC148}.CD_ROM|Any CPU.ActiveCfg = Release|Any CPU
		{1F21B67D-0BCF-447A-9C53-E15B43ADC148}.CD_ROM|Any CPU.Build.0 = Release|Any CPU
		{1F21B67D-0BCF-447A-9C53-E15B43ADC148}.Debug|Any CPU.ActiveCfg = Debug|Any CPU
		{1F21B67D-0BCF-447A-9C53-E15B43ADC148}.Debug|Any CPU.Build.0 = Debug|Any CPU
		{1F21B67D-0BCF-447A-9C53-E15B43ADC148}.DVD-5|Any CPU.ActiveCfg = Debug|Any CPU
		{1F21B67D-0BCF-447A-9C53-E15B43ADC148}.DVD-5|Any CPU.Build.0 = Debug|Any CPU
		{1F21B67D-0BCF-447A-9C53-E15B43ADC148}.Release|Any CPU.ActiveCfg = Release|Any CPU
		{1F21B67D-0BCF-447A-9C53-E15B43ADC148}.Release|Any CPU.Build.0 = Release|Any CPU
		{1F21B67D-0BCF-447A-9C53-E15B43ADC148}.SingleImage|Any CPU.ActiveCfg = Release|Any CPU
		{1F21B67D-0BCF-447A-9C53-E15B43ADC148}.SingleImage|Any CPU.Build.0 = Release|Any CPU
		{890D7A87-ED32-4004-8FF6-4D68B70D5335}.CD_ROM|Any CPU.ActiveCfg = Release|Any CPU
		{890D7A87-ED32-4004-8FF6-4D68B70D5335}.CD_ROM|Any CPU.Build.0 = Release|Any CPU
		{890D7A87-ED32-4004-8FF6-4D68B70D5335}.Debug|Any CPU.ActiveCfg = Debug|Any CPU
		{890D7A87-ED32-4004-8FF6-4D68B70D5335}.Debug|Any CPU.Build.0 = Debug|Any CPU
		{890D7A87-ED32-4004-8FF6-4D68B70D5335}.DVD-5|Any CPU.ActiveCfg = Debug|Any CPU
		{890D7A87-ED32-4004-8FF6-4D68B70D5335}.DVD-5|Any CPU.Build.0 = Debug|Any CPU
		{890D7A87-ED32-4004-8FF6-4D68B70D5335}.Release|Any CPU.ActiveCfg = Release|Any CPU
		{890D7A87-ED32-4004-8FF6-4D68B70D5335}.Release|Any CPU.Build.0 = Release|Any CPU
		{890D7A87-ED32-4004-8FF6-4D68B70D5335}.SingleImage|Any CPU.ActiveCfg = Release|Any CPU
		{890D7A87-ED32-4004-8FF6-4D68B70D5335}.SingleImage|Any CPU.Build.0 = Release|Any CPU
		{FCE2DF98-E915-4B4D-9CF3-5B3354DCCF97}.CD_ROM|Any CPU.ActiveCfg = Release|Any CPU
		{FCE2DF98-E915-4B4D-9CF3-5B3354DCCF97}.CD_ROM|Any CPU.Build.0 = Release|Any CPU
		{FCE2DF98-E915-4B4D-9CF3-5B3354DCCF97}.Debug|Any CPU.ActiveCfg = Debug|Any CPU
		{FCE2DF98-E915-4B4D-9CF3-5B3354DCCF97}.Debug|Any CPU.Build.0 = Debug|Any CPU
		{FCE2DF98-E915-4B4D-9CF3-5B3354DCCF97}.DVD-5|Any CPU.ActiveCfg = Debug|Any CPU
		{FCE2DF98-E915-4B4D-9CF3-5B3354DCCF97}.DVD-5|Any CPU.Build.0 = Debug|Any CPU
		{FCE2DF98-E915-4B4D-9CF3-5B3354DCCF97}.Release|Any CPU.ActiveCfg = Release|Any CPU
		{FCE2DF98-E915-4B4D-9CF3-5B3354DCCF97}.Release|Any CPU.Build.0 = Release|Any CPU
		{FCE2DF98-E915-4B4D-9CF3-5B3354DCCF97}.SingleImage|Any CPU.ActiveCfg = Release|Any CPU
		{FCE2DF98-E915-4B4D-9CF3-5B3354DCCF97}.SingleImage|Any CPU.Build.0 = Release|Any CPU
	EndGlobalSection
	GlobalSection(SolutionProperties) = preSolution
		HideSolutionNode = FALSE
	EndGlobalSection
	GlobalSection(ExtensibilityGlobals) = postSolution
		SolutionGuid = {479FEF06-E48C-47BE-8BC4-D486D30708A1}
	EndGlobalSection
EndGlobal
